
Microsoft Visual Studio Solution File, Format Version 12.00
# Visual Studio Version 17
VisualStudioVersion = 17.7.34031.279
MinimumVisualStudioVersion = 10.0.40219.1
Project("{FAE04EC0-301F-11D3-BF4B-00C04F79EFBC}") = "Turismo.Shared", "Turismo.Shared\Turismo.Shared.csproj", "{90CE159A-01C2-4EA4-A10E-3E51CF72B3F5}"
EndProject
Project("{FAE04EC0-301F-11D3-BF4B-00C04F79EFBC}") = "Turismo.API", "Turismo.API\Turismo.API.csproj", "{80ECACD5-690A-43AE-843B-7CCBC731BC63}"
EndProject
Project("{FAE04EC0-301F-11D3-BF4B-00C04F79EFBC}") = "Turismo.WEB", "Turismo.WEB\Turismo.WEB.csproj", "{8025CB0B-AD01-422F-B8BC-A47C17FD097E}"
EndProject
Global
	GlobalSection(SolutionConfigurationPlatforms) = preSolution
		Debug|Any CPU = Debug|Any CPU
		Release|Any CPU = Release|Any CPU
	EndGlobalSection
	GlobalSection(ProjectConfigurationPlatforms) = postSolution
		{90CE159A-01C2-4EA4-A10E-3E51CF72B3F5}.Debug|Any CPU.ActiveCfg = Debug|Any CPU
		{90CE159A-01C2-4EA4-A10E-3E51CF72B3F5}.Debug|Any CPU.Build.0 = Debug|Any CPU
		{90CE159A-01C2-4EA4-A10E-3E51CF72B3F5}.Release|Any CPU.ActiveCfg = Release|Any CPU
		{90CE159A-01C2-4EA4-A10E-3E51CF72B3F5}.Release|Any CPU.Build.0 = Release|Any CPU
		{80ECACD5-690A-43AE-843B-7CCBC731BC63}.Debug|Any CPU.ActiveCfg = Debug|Any CPU
		{80ECACD5-690A-43AE-843B-7CCBC731BC63}.Debug|Any CPU.Build.0 = Debug|Any CPU
		{80ECACD5-690A-43AE-843B-7CCBC731BC63}.Release|Any CPU.ActiveCfg = Release|Any CPU
		{80ECACD5-690A-43AE-843B-7CCBC731BC63}.Release|Any CPU.Build.0 = Release|Any CPU
		{8025CB0B-AD01-422F-B8BC-A47C17FD097E}.Debug|Any CPU.ActiveCfg = Debug|Any CPU
		{8025CB0B-AD01-422F-B8BC-A47C17FD097E}.Debug|Any CPU.Build.0 = Debug|Any CPU
		{8025CB0B-AD01-422F-B8BC-A47C17FD097E}.Release|Any CPU.ActiveCfg = Release|Any CPU
		{8025CB0B-AD01-422F-B8BC-A47C17FD097E}.Release|Any CPU.Build.0 = Release|Any CPU
	EndGlobalSection
	GlobalSection(SolutionProperties) = preSolution
		HideSolutionNode = FALSE
	EndGlobalSection
	GlobalSection(ExtensibilityGlobals) = postSolution
		SolutionGuid = {55937632-4566-4802-9BEB-0A337273DF91}
	EndGlobalSection
EndGlobal
